
Microsoft Visual Studio Solution File, Format Version 12.00
# Visual Studio Version 17
VisualStudioVersion = 17.5.33502.453
MinimumVisualStudioVersion = 10.0.40219.1
Project("{FAE04EC0-301F-11D3-BF4B-00C04F79EFBC}") = "InheritanceExample", "InheritanceExample\InheritanceExample.csproj", "{56EE4589-FD48-4CA4-988C-BD967D7A8D69}"
EndProject
Global
	GlobalSection(SolutionConfigurationPlatforms) = preSolution
		Debug|Any CPU = Debug|Any CPU
		Release|Any CPU = Release|Any CPU
	EndGlobalSection
	GlobalSection(ProjectConfigurationPlatforms) = postSolution
		{56EE4589-FD48-4CA4-988C-BD967D7A8D69}.Debug|Any CPU.ActiveCfg = Debug|Any CPU
		{56EE4589-FD48-4CA4-988C-BD967D7A8D69}.Debug|Any CPU.Build.0 = Debug|Any CPU
		{56EE4589-FD48-4CA4-988C-BD967D7A8D69}.Release|Any CPU.ActiveCfg = Release|Any CPU
		{56EE4589-FD48-4CA4-988C-BD967D7A8D69}.Release|Any CPU.Build.0 = Release|Any CPU
	EndGlobalSection
	GlobalSection(SolutionProperties) = preSolution
		HideSolutionNode = FALSE
	EndGlobalSection
	GlobalSection(ExtensibilityGlobals) = postSolution
		SolutionGuid = {83A1FBE8-3226-466A-AAB7-E8A48F7B998C}
	EndGlobalSection
EndGlobal
